// !$*UTF8*$!
{
	archiveVersion = 1;
	classes = {
	};
	objectVersion = 55;
	objects = {

/* Begin PBXBuildFile section */
		5AC4119E287F764F00187E70 /* AppDelegate.swift in Sources */ = {isa = PBXBuildFile; fileRef = 5AC4119D287F764F00187E70 /* AppDelegate.swift */; };
		5AC411A0287F764F00187E70 /* SceneDelegate.swift in Sources */ = {isa = PBXBuildFile; fileRef = 5AC4119F287F764F00187E70 /* SceneDelegate.swift */; };
		5AC411A2287F764F00187E70 /* ViewController.swift in Sources */ = {isa = PBXBuildFile; fileRef = 5AC411A1287F764F00187E70 /* ViewController.swift */; };
		5AC411A5287F764F00187E70 /* Main.storyboard in Resources */ = {isa = PBXBuildFile; fileRef = 5AC411A3287F764F00187E70 /* Main.storyboard */; };
		5AC411A7287F765100187E70 /* Assets.xcassets in Resources */ = {isa = PBXBuildFile; fileRef = 5AC411A6287F765100187E70 /* Assets.xcassets */; };
		5AC411AA287F765100187E70 /* LaunchScreen.storyboard in Resources */ = {isa = PBXBuildFile; fileRef = 5AC411A8287F765100187E70 /* LaunchScreen.storyboard */; };
		5AC411B5287F765100187E70 /* QiitaAPIProjectTests.swift in Sources */ = {isa = PBXBuildFile; fileRef = 5AC411B4287F765100187E70 /* QiitaAPIProjectTests.swift */; };
		5AC411BF287F765100187E70 /* QiitaAPIProjectUITests.swift in Sources */ = {isa = PBXBuildFile; fileRef = 5AC411BE287F765100187E70 /* QiitaAPIProjectUITests.swift */; };
		5AC411C1287F765100187E70 /* QiitaAPIProjectUITestsLaunchTests.swift in Sources */ = {isa = PBXBuildFile; fileRef = 5AC411C0287F765100187E70 /* QiitaAPIProjectUITestsLaunchTests.swift */; };
/* End PBXBuildFile section */

/* Begin PBXContainerItemProxy section */
		5AC411B1287F765100187E70 /* PBXContainerItemProxy */ = {
			isa = PBXContainerItemProxy;
			containerPortal = 5AC41192287F764F00187E70 /* Project object */;
			proxyType = 1;
			remoteGlobalIDString = 5AC41199287F764F00187E70;
			remoteInfo = QiitaAPIProject;
		};
		5AC411BB287F765100187E70 /* PBXContainerItemProxy */ = {
			isa = PBXContainerItemProxy;
			containerPortal = 5AC41192287F764F00187E70 /* Project object */;
			proxyType = 1;
			remoteGlobalIDString = 5AC41199287F764F00187E70;
			remoteInfo = QiitaAPIProject;
		};
/* End PBXContainerItemProxy section */

/* Begin PBXFileReference section */
		5AC4119A287F764F00187E70 /* QiitaAPIProject.app */ = {isa = PBXFileReference; explicitFileType = wrapper.application; includeInIndex = 0; path = QiitaAPIProject.app; sourceTree = BUILT_PRODUCTS_DIR; };
		5AC4119D287F764F00187E70 /* AppDelegate.swift */ = {isa = PBXFileReference; lastKnownFileType = sourcecode.swift; path = AppDelegate.swift; sourceTree = "<group>"; };
		5AC4119F287F764F00187E70 /* SceneDelegate.swift */ = {isa = PBXFileReference; lastKnownFileType = sourcecode.swift; path = SceneDelegate.swift; sourceTree = "<group>"; };
		5AC411A1287F764F00187E70 /* ViewController.swift */ = {isa = PBXFileReference; lastKnownFileType = sourcecode.swift; path = ViewController.swift; sourceTree = "<group>"; };
		5AC411A4287F764F00187E70 /* Base */ = {isa = PBXFileReference; lastKnownFileType = file.storyboard; name = Base; path = Base.lproj/Main.storyboard; sourceTree = "<group>"; };
		5AC411A6287F765100187E70 /* Assets.xcassets */ = {isa = PBXFileReference; lastKnownFileType = folder.assetcatalog; path = Assets.xcassets; sourceTree = "<group>"; };
		5AC411A9287F765100187E70 /* Base */ = {isa = PBXFileReference; lastKnownFileType = file.storyboard; name = Base; path = Base.lproj/LaunchScreen.storyboard; sourceTree = "<group>"; };
		5AC411AB287F765100187E70 /* Info.plist */ = {isa = PBXFileReference; lastKnownFileType = text.plist.xml; path = Info.plist; sourceTree = "<group>"; };
		5AC411B0287F765100187E70 /* QiitaAPIProjectTests.xctest */ = {isa = PBXFileReference; explicitFileType = wrapper.cfbundle; includeInIndex = 0; path = QiitaAPIProjectTests.xctest; sourceTree = BUILT_PRODUCTS_DIR; };
		5AC411B4287F765100187E70 /* QiitaAPIProjectTests.swift */ = {isa = PBXFileReference; lastKnownFileType = sourcecode.swift; path = QiitaAPIProjectTests.swift; sourceTree = "<group>"; };
		5AC411BA287F765100187E70 /* QiitaAPIProjectUITests.xctest */ = {isa = PBXFileReference; explicitFileType = wrapper.cfbundle; includeInIndex = 0; path = QiitaAPIProjectUITests.xctest; sourceTree = BUILT_PRODUCTS_DIR; };
		5AC411BE287F765100187E70 /* QiitaAPIProjectUITests.swift */ = {isa = PBXFileReference; lastKnownFileType = sourcecode.swift; path = QiitaAPIProjectUITests.swift; sourceTree = "<group>"; };
		5AC411C0287F765100187E70 /* QiitaAPIProjectUITestsLaunchTests.swift */ = {isa = PBXFileReference; lastKnownFileType = sourcecode.swift; path = QiitaAPIProjectUITestsLaunchTests.swift; sourceTree = "<group>"; };
/* End PBXFileReference section */

/* Begin PBXFrameworksBuildPhase section */
		5AC41197287F764F00187E70 /* Frameworks */ = {
			isa = PBXFrameworksBuildPhase;
			buildActionMask = 2147483647;
			files = (
			);
			runOnlyForDeploymentPostprocessing = 0;
		};
		5AC411AD287F765100187E70 /* Frameworks */ = {
			isa = PBXFrameworksBuildPhase;
			buildActionMask = 2147483647;
			files = (
			);
			runOnlyForDeploymentPostprocessing = 0;
		};
		5AC411B7287F765100187E70 /* Frameworks */ = {
			isa = PBXFrameworksBuildPhase;
			buildActionMask = 2147483647;
			files = (
			);
			runOnlyForDeploymentPostprocessing = 0;
		};
/* End PBXFrameworksBuildPhase section */

/* Begin PBXGroup section */
		5AC41191287F764F00187E70 = {
			isa = PBXGroup;
			children = (
				5AC4119C287F764F00187E70 /* QiitaAPIProject */,
				5AC411B3287F765100187E70 /* QiitaAPIProjectTests */,
				5AC411BD287F765100187E70 /* QiitaAPIProjectUITests */,
				5AC4119B287F764F00187E70 /* Products */,
			);
			sourceTree = "<group>";
		};
		5AC4119B287F764F00187E70 /* Products */ = {
			isa = PBXGroup;
			children = (
				5AC4119A287F764F00187E70 /* QiitaAPIProject.app */,
				5AC411B0287F765100187E70 /* QiitaAPIProjectTests.xctest */,
				5AC411BA287F765100187E70 /* QiitaAPIProjectUITests.xctest */,
			);
			name = Products;
			sourceTree = "<group>";
		};
		5AC4119C287F764F00187E70 /* QiitaAPIProject */ = {
			isa = PBXGroup;
			children = (
				5AC4119D287F764F00187E70 /* AppDelegate.swift */,
				5AC4119F287F764F00187E70 /* SceneDelegate.swift */,
				5AC411A1287F764F00187E70 /* ViewController.swift */,
				5AC411A3287F764F00187E70 /* Main.storyboard */,
				5AC411A6287F765100187E70 /* Assets.xcassets */,
				5AC411A8287F765100187E70 /* LaunchScreen.storyboard */,
				5AC411AB287F765100187E70 /* Info.plist */,
			);
			path = QiitaAPIProject;
			sourceTree = "<group>";
		};
		5AC411B3287F765100187E70 /* QiitaAPIProjectTests */ = {
			isa = PBXGroup;
			children = (
				5AC411B4287F765100187E70 /* QiitaAPIProjectTests.swift */,
			);
			path = QiitaAPIProjectTests;
			sourceTree = "<group>";
		};
		5AC411BD287F765100187E70 /* QiitaAPIProjectUITests */ = {
			isa = PBXGroup;
			children = (
				5AC411BE287F765100187E70 /* QiitaAPIProjectUITests.swift */,
				5AC411C0287F765100187E70 /* QiitaAPIProjectUITestsLaunchTests.swift */,
			);
			path = QiitaAPIProjectUITests;
			sourceTree = "<group>";
		};
/* End PBXGroup section */

/* Begin PBXNativeTarget section */
		5AC41199287F764F00187E70 /* QiitaAPIProject */ = {
			isa = PBXNativeTarget;
			buildConfigurationList = 5AC411C4287F765100187E70 /* Build configuration list for PBXNativeTarget "QiitaAPIProject" */;
			buildPhases = (
				5AC41196287F764F00187E70 /* Sources */,
				5AC41197287F764F00187E70 /* Frameworks */,
				5AC41198287F764F00187E70 /* Resources */,
			);
			buildRules = (
			);
			dependencies = (
			);
			name = QiitaAPIProject;
			productName = QiitaAPIProject;
			productReference = 5AC4119A287F764F00187E70 /* QiitaAPIProject.app */;
			productType = "com.apple.product-type.application";
		};
		5AC411AF287F765100187E70 /* QiitaAPIProjectTests */ = {
			isa = PBXNativeTarget;
			buildConfigurationList = 5AC411C7287F765100187E70 /* Build configuration list for PBXNativeTarget "QiitaAPIProjectTests" */;
			buildPhases = (
				5AC411AC287F765100187E70 /* Sources */,
				5AC411AD287F765100187E70 /* Frameworks */,
				5AC411AE287F765100187E70 /* Resources */,
			);
			buildRules = (
			);
			dependencies = (
				5AC411B2287F765100187E70 /* PBXTargetDependency */,
			);
			name = QiitaAPIProjectTests;
			productName = QiitaAPIProjectTests;
			productReference = 5AC411B0287F765100187E70 /* QiitaAPIProjectTests.xctest */;
			productType = "com.apple.product-type.bundle.unit-test";
		};
		5AC411B9287F765100187E70 /* QiitaAPIProjectUITests */ = {
			isa = PBXNativeTarget;
			buildConfigurationList = 5AC411CA287F765100187E70 /* Build configuration list for PBXNativeTarget "QiitaAPIProjectUITests" */;
			buildPhases = (
				5AC411B6287F765100187E70 /* Sources */,
				5AC411B7287F765100187E70 /* Frameworks */,
				5AC411B8287F765100187E70 /* Resources */,
			);
			buildRules = (
			);
			dependencies = (
				5AC411BC287F765100187E70 /* PBXTargetDependency */,
			);
			name = QiitaAPIProjectUITests;
			productName = QiitaAPIProjectUITests;
			productReference = 5AC411BA287F765100187E70 /* QiitaAPIProjectUITests.xctest */;
			productType = "com.apple.product-type.bundle.ui-testing";
		};
/* End PBXNativeTarget section */

/* Begin PBXProject section */
		5AC41192287F764F00187E70 /* Project object */ = {
			isa = PBXProject;
			attributes = {
				BuildIndependentTargetsInParallel = 1;
				LastSwiftUpdateCheck = 1340;
				LastUpgradeCheck = 1340;
				TargetAttributes = {
					5AC41199287F764F00187E70 = {
						CreatedOnToolsVersion = 13.4;
					};
					5AC411AF287F765100187E70 = {
						CreatedOnToolsVersion = 13.4;
						TestTargetID = 5AC41199287F764F00187E70;
					};
					5AC411B9287F765100187E70 = {
						CreatedOnToolsVersion = 13.4;
						TestTargetID = 5AC41199287F764F00187E70;
					};
				};
			};
			buildConfigurationList = 5AC41195287F764F00187E70 /* Build configuration list for PBXProject "QiitaAPIProject" */;
			compatibilityVersion = "Xcode 13.0";
			developmentRegion = en;
			hasScannedForEncodings = 0;
			knownRegions = (
				en,
				Base,
			);
			mainGroup = 5AC41191287F764F00187E70;
			productRefGroup = 5AC4119B287F764F00187E70 /* Products */;
			projectDirPath = "";
			projectRoot = "";
			targets = (
				5AC41199287F764F00187E70 /* QiitaAPIProject */,
				5AC411AF287F765100187E70 /* QiitaAPIProjectTests */,
				5AC411B9287F765100187E70 /* QiitaAPIProjectUITests */,
			);
		};
/* End PBXProject section */

/* Begin PBXResourcesBuildPhase section */
		5AC41198287F764F00187E70 /* Resources */ = {
			isa = PBXResourcesBuildPhase;
			buildActionMask = 2147483647;
			files = (
				5AC411AA287F765100187E70 /* LaunchScreen.storyboard in Resources */,
				5AC411A7287F765100187E70 /* Assets.xcassets in Resources */,
				5AC411A5287F764F00187E70 /* Main.storyboard in Resources */,
			);
			runOnlyForDeploymentPostprocessing = 0;
		};
		5AC411AE287F765100187E70 /* Resources */ = {
			isa = PBXResourcesBuildPhase;
			buildActionMask = 2147483647;
			files = (
			);
			runOnlyForDeploymentPostprocessing = 0;
		};
		5AC411B8287F765100187E70 /* Resources */ = {
			isa = PBXResourcesBuildPhase;
			buildActionMask = 2147483647;
			files = (
			);
			runOnlyForDeploymentPostprocessing = 0;
		};
/* End PBXResourcesBuildPhase section */

/* Begin PBXSourcesBuildPhase section */
		5AC41196287F764F00187E70 /* Sources */ = {
			isa = PBXSourcesBuildPhase;
			buildActionMask = 2147483647;
			files = (
				5AC411A2287F764F00187E70 /* ViewController.swift in Sources */,
				5AC4119E287F764F00187E70 /* AppDelegate.swift in Sources */,
				5AC411A0287F764F00187E70 /* SceneDelegate.swift in Sources */,
			);
			runOnlyForDeploymentPostprocessing = 0;
		};
		5AC411AC287F765100187E70 /* Sources */ = {
			isa = PBXSourcesBuildPhase;
			buildActionMask = 2147483647;
			files = (
				5AC411B5287F765100187E70 /* QiitaAPIProjectTests.swift in Sources */,
			);
			runOnlyForDeploymentPostprocessing = 0;
		};
		5AC411B6287F765100187E70 /* Sources */ = {
			isa = PBXSourcesBuildPhase;
			buildActionMask = 2147483647;
			files = (
				5AC411C1287F765100187E70 /* QiitaAPIProjectUITestsLaunchTests.swift in Sources */,
				5AC411BF287F765100187E70 /* QiitaAPIProjectUITests.swift in Sources */,
			);
			runOnlyForDeploymentPostprocessing = 0;
		};
/* End PBXSourcesBuildPhase section */

/* Begin PBXTargetDependency section */
		5AC411B2287F765100187E70 /* PBXTargetDependency */ = {
			isa = PBXTargetDependency;
			target = 5AC41199287F764F00187E70 /* QiitaAPIProject */;
			targetProxy = 5AC411B1287F765100187E70 /* PBXContainerItemProxy */;
		};
		5AC411BC287F765100187E70 /* PBXTargetDependency */ = {
			isa = PBXTargetDependency;
			target = 5AC41199287F764F00187E70 /* QiitaAPIProject */;
			targetProxy = 5AC411BB287F765100187E70 /* PBXContainerItemProxy */;
		};
/* End PBXTargetDependency section */

/* Begin PBXVariantGroup section */
		5AC411A3287F764F00187E70 /* Main.storyboard */ = {
			isa = PBXVariantGroup;
			children = (
				5AC411A4287F764F00187E70 /* Base */,
			);
			name = Main.storyboard;
			sourceTree = "<group>";
		};
		5AC411A8287F765100187E70 /* LaunchScreen.storyboard */ = {
			isa = PBXVariantGroup;
			children = (
				5AC411A9287F765100187E70 /* Base */,
			);
			name = LaunchScreen.storyboard;
			sourceTree = "<group>";
		};
/* End PBXVariantGroup section */

/* Begin XCBuildConfiguration section */
		5AC411C2287F765100187E70 /* Debug */ = {
			isa = XCBuildConfiguration;
			buildSettings = {
				ALWAYS_SEARCH_USER_PATHS = NO;
				CLANG_ANALYZER_NONNULL = YES;
				CLANG_ANALYZER_NUMBER_OBJECT_CONVERSION = YES_AGGRESSIVE;
				CLANG_CXX_LANGUAGE_STANDARD = "gnu++17";
				CLANG_ENABLE_MODULES = YES;
				CLANG_ENABLE_OBJC_ARC = YES;
				CLANG_ENABLE_OBJC_WEAK = YES;
				CLANG_WARN_BLOCK_CAPTURE_AUTORELEASING = YES;
				CLANG_WARN_BOOL_CONVERSION = YES;
				CLANG_WARN_COMMA = YES;
				CLANG_WARN_CONSTANT_CONVERSION = YES;
				CLANG_WARN_DEPRECATED_OBJC_IMPLEMENTATIONS = YES;
				CLANG_WARN_DIRECT_OBJC_ISA_USAGE = YES_ERROR;
				CLANG_WARN_DOCUMENTATION_COMMENTS = YES;
				CLANG_WARN_EMPTY_BODY = YES;
				CLANG_WARN_ENUM_CONVERSION = YES;
				CLANG_WARN_INFINITE_RECURSION = YES;
				CLANG_WARN_INT_CONVERSION = YES;
				CLANG_WARN_NON_LITERAL_NULL_CONVERSION = YES;
				CLANG_WARN_OBJC_IMPLICIT_RETAIN_SELF = YES;
				CLANG_WARN_OBJC_LITERAL_CONVERSION = YES;
				CLANG_WARN_OBJC_ROOT_CLASS = YES_ERROR;
				CLANG_WARN_QUOTED_INCLUDE_IN_FRAMEWORK_HEADER = YES;
				CLANG_WARN_RANGE_LOOP_ANALYSIS = YES;
				CLANG_WARN_STRICT_PROTOTYPES = YES;
				CLANG_WARN_SUSPICIOUS_MOVE = YES;
				CLANG_WARN_UNGUARDED_AVAILABILITY = YES_AGGRESSIVE;
				CLANG_WARN_UNREACHABLE_CODE = YES;
				CLANG_WARN__DUPLICATE_METHOD_MATCH = YES;
				COPY_PHASE_STRIP = NO;
				DEBUG_INFORMATION_FORMAT = dwarf;
				ENABLE_STRICT_OBJC_MSGSEND = YES;
				ENABLE_TESTABILITY = YES;
				GCC_C_LANGUAGE_STANDARD = gnu11;
				GCC_DYNAMIC_NO_PIC = NO;
				GCC_NO_COMMON_BLOCKS = YES;
				GCC_OPTIMIZATION_LEVEL = 0;
				GCC_PREPROCESSOR_DEFINITIONS = (
					"DEBUG=1",
					"$(inherited)",
				);
				GCC_WARN_64_TO_32_BIT_CONVERSION = YES;
				GCC_WARN_ABOUT_RETURN_TYPE = YES_ERROR;
				GCC_WARN_UNDECLARED_SELECTOR = YES;
				GCC_WARN_UNINITIALIZED_AUTOS = YES_AGGRESSIVE;
				GCC_WARN_UNUSED_FUNCTION = YES;
				GCC_WARN_UNUSED_VARIABLE = YES;
				IPHONEOS_DEPLOYMENT_TARGET = 15.5;
				MTL_ENABLE_DEBUG_INFO = INCLUDE_SOURCE;
				MTL_FAST_MATH = YES;
				ONLY_ACTIVE_ARCH = YES;
				SDKROOT = iphoneos;
				SWIFT_ACTIVE_COMPILATION_CONDITIONS = DEBUG;
				SWIFT_OPTIMIZATION_LEVEL = "-Onone";
			};
			name = Debug;
		};
		5AC411C3287F765100187E70 /* Release */ = {
			isa = XCBuildConfiguration;
			buildSettings = {
				ALWAYS_SEARCH_USER_PATHS = NO;
				CLANG_ANALYZER_NONNULL = YES;
				CLANG_ANALYZER_NUMBER_OBJECT_CONVERSION = YES_AGGRESSIVE;
				CLANG_CXX_LANGUAGE_STANDARD = "gnu++17";
				CLANG_ENABLE_MODULES = YES;
				CLANG_ENABLE_OBJC_ARC = YES;
				CLANG_ENABLE_OBJC_WEAK = YES;
				CLANG_WARN_BLOCK_CAPTURE_AUTORELEASING = YES;
				CLANG_WARN_BOOL_CONVERSION = YES;
				CLANG_WARN_COMMA = YES;
				CLANG_WARN_CONSTANT_CONVERSION = YES;
				CLANG_WARN_DEPRECATED_OBJC_IMPLEMENTATIONS = YES;
				CLANG_WARN_DIRECT_OBJC_ISA_USAGE = YES_ERROR;
				CLANG_WARN_DOCUMENTATION_COMMENTS = YES;
				CLANG_WARN_EMPTY_BODY = YES;
				CLANG_WARN_ENUM_CONVERSION = YES;
				CLANG_WARN_INFINITE_RECURSION = YES;
				CLANG_WARN_INT_CONVERSION = YES;
				CLANG_WARN_NON_LITERAL_NULL_CONVERSION = YES;
				CLANG_WARN_OBJC_IMPLICIT_RETAIN_SELF = YES;
				CLANG_WARN_OBJC_LITERAL_CONVERSION = YES;
				CLANG_WARN_OBJC_ROOT_CLASS = YES_ERROR;
				CLANG_WARN_QUOTED_INCLUDE_IN_FRAMEWORK_HEADER = YES;
				CLANG_WARN_RANGE_LOOP_ANALYSIS = YES;
				CLANG_WARN_STRICT_PROTOTYPES = YES;
				CLANG_WARN_SUSPICIOUS_MOVE = YES;
				CLANG_WARN_UNGUARDED_AVAILABILITY = YES_AGGRESSIVE;
				CLANG_WARN_UNREACHABLE_CODE = YES;
				CLANG_WARN__DUPLICATE_METHOD_MATCH = YES;
				COPY_PHASE_STRIP = NO;
				DEBUG_INFORMATION_FORMAT = "dwarf-with-dsym";
				ENABLE_NS_ASSERTIONS = NO;
				ENABLE_STRICT_OBJC_MSGSEND = YES;
				GCC_C_LANGUAGE_STANDARD = gnu11;
				GCC_NO_COMMON_BLOCKS = YES;
				GCC_WARN_64_TO_32_BIT_CONVERSION = YES;
				GCC_WARN_ABOUT_RETURN_TYPE = YES_ERROR;
				GCC_WARN_UNDECLARED_SELECTOR = YES;
				GCC_WARN_UNINITIALIZED_AUTOS = YES_AGGRESSIVE;
				GCC_WARN_UNUSED_FUNCTION = YES;
				GCC_WARN_UNUSED_VARIABLE = YES;
				IPHONEOS_DEPLOYMENT_TARGET = 15.5;
				MTL_ENABLE_DEBUG_INFO = NO;
				MTL_FAST_MATH = YES;
				SDKROOT = iphoneos;
				SWIFT_COMPILATION_MODE = wholemodule;
				SWIFT_OPTIMIZATION_LEVEL = "-O";
				VALIDATE_PRODUCT = YES;
			};
			name = Release;
		};
		5AC411C5287F765100187E70 /* Debug */ = {
			isa = XCBuildConfiguration;
			buildSettings = {
				ASSETCATALOG_COMPILER_APPICON_NAME = AppIcon;
				ASSETCATALOG_COMPILER_GLOBAL_ACCENT_COLOR_NAME = AccentColor;
				CODE_SIGN_STYLE = Automatic;
				CURRENT_PROJECT_VERSION = 1;
				GENERATE_INFOPLIST_FILE = YES;
				INFOPLIST_FILE = QiitaAPIProject/Info.plist;
				INFOPLIST_KEY_UIApplicationSupportsIndirectInputEvents = YES;
				INFOPLIST_KEY_UILaunchStoryboardName = LaunchScreen;
				INFOPLIST_KEY_UIMainStoryboardFile = Main;
				INFOPLIST_KEY_UISupportedInterfaceOrientations_iPad = "UIInterfaceOrientationPortrait UIInterfaceOrientationPortraitUpsideDown UIInterfaceOrientationLandscapeLeft UIInterfaceOrientationLandscapeRight";
				INFOPLIST_KEY_UISupportedInterfaceOrientations_iPhone = "UIInterfaceOrientationPortrait UIInterfaceOrientationLandscapeLeft UIInterfaceOrientationLandscapeRight";
				LD_RUNPATH_SEARCH_PATHS = (
					"$(inherited)",
					"@executable_path/Frameworks",
				);
				MARKETING_VERSION = 1.0;
				PRODUCT_BUNDLE_IDENTIFIER = im.hiro.QiitaAPIProject;
				PRODUCT_NAME = "$(TARGET_NAME)";
				SWIFT_EMIT_LOC_STRINGS = YES;
				SWIFT_VERSION = 5.0;
				TARGETED_DEVICE_FAMILY = "1,2";
			};
			name = Debug;
		};
		5AC411C6287F765100187E70 /* Release */ = {
			isa = XCBuildConfiguration;
			buildSettings = {
				ASSETCATALOG_COMPILER_APPICON_NAME = AppIcon;
				ASSETCATALOG_COMPILER_GLOBAL_ACCENT_COLOR_NAME = AccentColor;
				CODE_SIGN_STYLE = Automatic;
				CURRENT_PROJECT_VERSION = 1;
				GENERATE_INFOPLIST_FILE = YES;
				INFOPLIST_FILE = QiitaAPIProject/Info.plist;
				INFOPLIST_KEY_UIApplicationSupportsIndirectInputEvents = YES;
				INFOPLIST_KEY_UILaunchStoryboardName = LaunchScreen;
				INFOPLIST_KEY_UIMainStoryboardFile = Main;
				INFOPLIST_KEY_UISupportedInterfaceOrientations_iPad = "UIInterfaceOrientationPortrait UIInterfaceOrientationPortraitUpsideDown UIInterfaceOrientationLandscapeLeft UIInterfaceOrientationLandscapeRight";
				INFOPLIST_KEY_UISupportedInterfaceOrientations_iPhone = "UIInterfaceOrientationPortrait UIInterfaceOrientationLandscapeLeft UIInterfaceOrientationLandscapeRight";
				LD_RUNPATH_SEARCH_PATHS = (
					"$(inherited)",
					"@executable_path/Frameworks",
				);
				MARKETING_VERSION = 1.0;
				PRODUCT_BUNDLE_IDENTIFIER = im.hiro.QiitaAPIProject;
				PRODUCT_NAME = "$(TARGET_NAME)";
				SWIFT_EMIT_LOC_STRINGS = YES;
				SWIFT_VERSION = 5.0;
				TARGETED_DEVICE_FAMILY = "1,2";
			};
			name = Release;
		};
		5AC411C8287F765100187E70 /* Debug */ = {
			isa = XCBuildConfiguration;
			buildSettings = {
				ALWAYS_EMBED_SWIFT_STANDARD_LIBRARIES = YES;
				BUNDLE_LOADER = "$(TEST_HOST)";
				CODE_SIGN_STYLE = Automatic;
				CURRENT_PROJECT_VERSION = 1;
				GENERATE_INFOPLIST_FILE = YES;
				IPHONEOS_DEPLOYMENT_TARGET = 15.5;
				MARKETING_VERSION = 1.0;
				PRODUCT_BUNDLE_IDENTIFIER = im.hiro.QiitaAPIProjectTests;
				PRODUCT_NAME = "$(TARGET_NAME)";
				SWIFT_EMIT_LOC_STRINGS = NO;
				SWIFT_VERSION = 5.0;
				TARGETED_DEVICE_FAMILY = "1,2";
				TEST_HOST = "$(BUILT_PRODUCTS_DIR)/QiitaAPIProject.app/QiitaAPIProject";
			};
			name = Debug;
		};
		5AC411C9287F765100187E70 /* Release */ = {
			isa = XCBuildConfiguration;
			buildSettings = {
				ALWAYS_EMBED_SWIFT_STANDARD_LIBRARIES = YES;
				BUNDLE_LOADER = "$(TEST_HOST)";
				CODE_SIGN_STYLE = Automatic;
				CURRENT_PROJECT_VERSION = 1;
				GENERATE_INFOPLIST_FILE = YES;
				IPHONEOS_DEPLOYMENT_TARGET = 15.5;
				MARKETING_VERSION = 1.0;
				PRODUCT_BUNDLE_IDENTIFIER = im.hiro.QiitaAPIProjectTests;
				PRODUCT_NAME = "$(TARGET_NAME)";
				SWIFT_EMIT_LOC_STRINGS = NO;
				SWIFT_VERSION = 5.0;
				TARGETED_DEVICE_FAMILY = "1,2";
				TEST_HOST = "$(BUILT_PRODUCTS_DIR)/QiitaAPIProject.app/QiitaAPIProject";
			};
			name = Release;
		};
		5AC411CB287F765100187E70 /* Debug */ = {
			isa = XCBuildConfiguration;
			buildSettings = {
				ALWAYS_EMBED_SWIFT_STANDARD_LIBRARIES = YES;
				CODE_SIGN_STYLE = Automatic;
				CURRENT_PROJECT_VERSION = 1;
				GENERATE_INFOPLIST_FILE = YES;
				MARKETING_VERSION = 1.0;
				PRODUCT_BUNDLE_IDENTIFIER = im.hiro.QiitaAPIProjectUITests;
				PRODUCT_NAME = "$(TARGET_NAME)";
				SWIFT_EMIT_LOC_STRINGS = NO;
				SWIFT_VERSION = 5.0;
				TARGETED_DEVICE_FAMILY = "1,2";
				TEST_TARGET_NAME = QiitaAPIProject;
			};
			name = Debug;
		};
		5AC411CC287F765100187E70 /* Release */ = {
			isa = XCBuildConfiguration;
			buildSettings = {
				ALWAYS_EMBED_SWIFT_STANDARD_LIBRARIES = YES;
				CODE_SIGN_STYLE = Automatic;
				CURRENT_PROJECT_VERSION = 1;
				GENERATE_INFOPLIST_FILE = YES;
				MARKETING_VERSION = 1.0;
				PRODUCT_BUNDLE_IDENTIFIER = im.hiro.QiitaAPIProjectUITests;
				PRODUCT_NAME = "$(TARGET_NAME)";
				SWIFT_EMIT_LOC_STRINGS = NO;
				SWIFT_VERSION = 5.0;
				TARGETED_DEVICE_FAMILY = "1,2";
				TEST_TARGET_NAME = QiitaAPIProject;
			};
			name = Release;
		};
/* End XCBuildConfiguration section */

/* Begin XCConfigurationList section */
		5AC41195287F764F00187E70 /* Build configuration list for PBXProject "QiitaAPIProject" */ = {
			isa = XCConfigurationList;
			buildConfigurations = (
				5AC411C2287F765100187E70 /* Debug */,
				5AC411C3287F765100187E70 /* Release */,
			);
			defaultConfigurationIsVisible = 0;
			defaultConfigurationName = Release;
		};
		5AC411C4287F765100187E70 /* Build configuration list for PBXNativeTarget "QiitaAPIProject" */ = {
			isa = XCConfigurationList;
			buildConfigurations = (
				5AC411C5287F765100187E70 /* Debug */,
				5AC411C6287F765100187E70 /* Release */,
			);
			defaultConfigurationIsVisible = 0;
			defaultConfigurationName = Release;
		};
		5AC411C7287F765100187E70 /* Build configuration list for PBXNativeTarget "QiitaAPIProjectTests" */ = {
			isa = XCConfigurationList;
			buildConfigurations = (
				5AC411C8287F765100187E70 /* Debug */,
				5AC411C9287F765100187E70 /* Release */,
			);
			defaultConfigurationIsVisible = 0;
			defaultConfigurationName = Release;
		};
		5AC411CA287F765100187E70 /* Build configuration list for PBXNativeTarget "QiitaAPIProjectUITests" */ = {
			isa = XCConfigurationList;
			buildConfigurations = (
				5AC411CB287F765100187E70 /* Debug */,
				5AC411CC287F765100187E70 /* Release */,
			);
			defaultConfigurationIsVisible = 0;
			defaultConfigurationName = Release;
		};
/* End XCConfigurationList section */
	};
	rootObject = 5AC41192287F764F00187E70 /* Project object */;
}
